// !$*UTF8*$!
{
	archiveVersion = 1;
	classes = {
	};
	objectVersion = 46;
	objects = {

/* Begin PBXBuildFile section */
		214EE4AEDA22A1553C15E800 /* Pods_EIDMenuTests.framework in Frameworks */ = {isa = PBXBuildFile; fileRef = 8EFE9048D79B6825E3F3CB18 /* Pods_EIDMenuTests.framework */; };
		407B4340CE8AD5146260B5E7 /* Pods_EIDMenu.framework in Frameworks */ = {isa = PBXBuildFile; fileRef = 86019BDA53E391253AE43854 /* Pods_EIDMenu.framework */; };
		841DCB771D6D3B3A00FF3971 /* logo2.png in Resources */ = {isa = PBXBuildFile; fileRef = 841DCB761D6D3B3A00FF3971 /* logo2.png */; };
		84F13B4D1D6BB8BE000F5E94 /* AppDelegate.swift in Sources */ = {isa = PBXBuildFile; fileRef = 84F13B4C1D6BB8BE000F5E94 /* AppDelegate.swift */; };
		84F13B4F1D6BB8BE000F5E94 /* LoginController.swift in Sources */ = {isa = PBXBuildFile; fileRef = 84F13B4E1D6BB8BE000F5E94 /* LoginController.swift */; };
		84F13B521D6BB8BE000F5E94 /* Main.storyboard in Resources */ = {isa = PBXBuildFile; fileRef = 84F13B501D6BB8BE000F5E94 /* Main.storyboard */; };
		84F13B541D6BB8BE000F5E94 /* Assets.xcassets in Resources */ = {isa = PBXBuildFile; fileRef = 84F13B531D6BB8BE000F5E94 /* Assets.xcassets */; };
		84F13B571D6BB8BE000F5E94 /* LaunchScreen.storyboard in Resources */ = {isa = PBXBuildFile; fileRef = 84F13B551D6BB8BE000F5E94 /* LaunchScreen.storyboard */; };
		84F13B621D6BB8BF000F5E94 /* EIDMenuTests.swift in Sources */ = {isa = PBXBuildFile; fileRef = 84F13B611D6BB8BF000F5E94 /* EIDMenuTests.swift */; };
		84F13B6D1D6BB8BF000F5E94 /* EIDMenuUITests.swift in Sources */ = {isa = PBXBuildFile; fileRef = 84F13B6C1D6BB8BF000F5E94 /* EIDMenuUITests.swift */; };
		84F13B7E1D6BBA55000F5E94 /* back_dagrede.jpg in Resources */ = {isa = PBXBuildFile; fileRef = 84F13B7D1D6BBA55000F5E94 /* back_dagrede.jpg */; };
		DAA0791FBDE83B5D0A8251D3 /* Pods_EIDMenuUITests.framework in Frameworks */ = {isa = PBXBuildFile; fileRef = 7E962D1B9E5BA5B660E9508F /* Pods_EIDMenuUITests.framework */; };
/* End PBXBuildFile section */

/* Begin PBXContainerItemProxy section */
		84F13B5E1D6BB8BE000F5E94 /* PBXContainerItemProxy */ = {
			isa = PBXContainerItemProxy;
			containerPortal = 84F13B411D6BB8BD000F5E94 /* Project object */;
			proxyType = 1;
			remoteGlobalIDString = 84F13B481D6BB8BD000F5E94;
			remoteInfo = EIDMenu;
		};
		84F13B691D6BB8BF000F5E94 /* PBXContainerItemProxy */ = {
			isa = PBXContainerItemProxy;
			containerPortal = 84F13B411D6BB8BD000F5E94 /* Project object */;
			proxyType = 1;
			remoteGlobalIDString = 84F13B481D6BB8BD000F5E94;
			remoteInfo = EIDMenu;
		};
/* End PBXContainerItemProxy section */

/* Begin PBXFileReference section */
		185D64545B17B0FC6C76B270 /* Pods-EIDMenuTests.release.xcconfig */ = {isa = PBXFileReference; includeInIndex = 1; lastKnownFileType = text.xcconfig; name = "Pods-EIDMenuTests.release.xcconfig"; path = "Pods/Target Support Files/Pods-EIDMenuTests/Pods-EIDMenuTests.release.xcconfig"; sourceTree = "<group>"; };
		778925CA7C47C2A5EC084347 /* Pods-EIDMenuUITests.debug.xcconfig */ = {isa = PBXFileReference; includeInIndex = 1; lastKnownFileType = text.xcconfig; name = "Pods-EIDMenuUITests.debug.xcconfig"; path = "Pods/Target Support Files/Pods-EIDMenuUITests/Pods-EIDMenuUITests.debug.xcconfig"; sourceTree = "<group>"; };
		7E962D1B9E5BA5B660E9508F /* Pods_EIDMenuUITests.framework */ = {isa = PBXFileReference; explicitFileType = wrapper.framework; includeInIndex = 0; path = Pods_EIDMenuUITests.framework; sourceTree = BUILT_PRODUCTS_DIR; };
		841DCB761D6D3B3A00FF3971 /* logo2.png */ = {isa = PBXFileReference; lastKnownFileType = image.png; path = logo2.png; sourceTree = "<group>"; };
		84F13B491D6BB8BE000F5E94 /* EIDMenu.app */ = {isa = PBXFileReference; explicitFileType = wrapper.application; includeInIndex = 0; path = EIDMenu.app; sourceTree = BUILT_PRODUCTS_DIR; };
		84F13B4C1D6BB8BE000F5E94 /* AppDelegate.swift */ = {isa = PBXFileReference; lastKnownFileType = sourcecode.swift; path = AppDelegate.swift; sourceTree = "<group>"; };
		84F13B4E1D6BB8BE000F5E94 /* LoginController.swift */ = {isa = PBXFileReference; lastKnownFileType = sourcecode.swift; path = LoginController.swift; sourceTree = "<group>"; };
		84F13B511D6BB8BE000F5E94 /* Base */ = {isa = PBXFileReference; lastKnownFileType = file.storyboard; name = Base; path = Base.lproj/Main.storyboard; sourceTree = "<group>"; };
		84F13B531D6BB8BE000F5E94 /* Assets.xcassets */ = {isa = PBXFileReference; lastKnownFileType = folder.assetcatalog; path = Assets.xcassets; sourceTree = "<group>"; };
		84F13B561D6BB8BE000F5E94 /* Base */ = {isa = PBXFileReference; lastKnownFileType = file.storyboard; name = Base; path = Base.lproj/LaunchScreen.storyboard; sourceTree = "<group>"; };
		84F13B581D6BB8BE000F5E94 /* Info.plist */ = {isa = PBXFileReference; lastKnownFileType = text.plist.xml; path = Info.plist; sourceTree = "<group>"; };
		84F13B5D1D6BB8BE000F5E94 /* EIDMenuTests.xctest */ = {isa = PBXFileReference; explicitFileType = wrapper.cfbundle; includeInIndex = 0; path = EIDMenuTests.xctest; sourceTree = BUILT_PRODUCTS_DIR; };
		84F13B611D6BB8BF000F5E94 /* EIDMenuTests.swift */ = {isa = PBXFileReference; lastKnownFileType = sourcecode.swift; path = EIDMenuTests.swift; sourceTree = "<group>"; };
		84F13B631D6BB8BF000F5E94 /* Info.plist */ = {isa = PBXFileReference; lastKnownFileType = text.plist.xml; path = Info.plist; sourceTree = "<group>"; };
		84F13B681D6BB8BF000F5E94 /* EIDMenuUITests.xctest */ = {isa = PBXFileReference; explicitFileType = wrapper.cfbundle; includeInIndex = 0; path = EIDMenuUITests.xctest; sourceTree = BUILT_PRODUCTS_DIR; };
		84F13B6C1D6BB8BF000F5E94 /* EIDMenuUITests.swift */ = {isa = PBXFileReference; lastKnownFileType = sourcecode.swift; path = EIDMenuUITests.swift; sourceTree = "<group>"; };
		84F13B6E1D6BB8BF000F5E94 /* Info.plist */ = {isa = PBXFileReference; lastKnownFileType = text.plist.xml; path = Info.plist; sourceTree = "<group>"; };
		84F13B7D1D6BBA55000F5E94 /* back_dagrede.jpg */ = {isa = PBXFileReference; lastKnownFileType = image.jpeg; name = back_dagrede.jpg; path = ../../back_dagrede.jpg; sourceTree = "<group>"; };
		86019BDA53E391253AE43854 /* Pods_EIDMenu.framework */ = {isa = PBXFileReference; explicitFileType = wrapper.framework; includeInIndex = 0; path = Pods_EIDMenu.framework; sourceTree = BUILT_PRODUCTS_DIR; };
		8EFE9048D79B6825E3F3CB18 /* Pods_EIDMenuTests.framework */ = {isa = PBXFileReference; explicitFileType = wrapper.framework; includeInIndex = 0; path = Pods_EIDMenuTests.framework; sourceTree = BUILT_PRODUCTS_DIR; };
		905D9F1A66E7DC3BFE99A12F /* Pods-EIDMenu.release.xcconfig */ = {isa = PBXFileReference; includeInIndex = 1; lastKnownFileType = text.xcconfig; name = "Pods-EIDMenu.release.xcconfig"; path = "Pods/Target Support Files/Pods-EIDMenu/Pods-EIDMenu.release.xcconfig"; sourceTree = "<group>"; };
		B3C7A4849A30138FD242F105 /* Pods-EIDMenuTests.debug.xcconfig */ = {isa = PBXFileReference; includeInIndex = 1; lastKnownFileType = text.xcconfig; name = "Pods-EIDMenuTests.debug.xcconfig"; path = "Pods/Target Support Files/Pods-EIDMenuTests/Pods-EIDMenuTests.debug.xcconfig"; sourceTree = "<group>"; };
		BB1649A55CD1DF0F4A5A4594 /* Pods-EIDMenu.debug.xcconfig */ = {isa = PBXFileReference; includeInIndex = 1; lastKnownFileType = text.xcconfig; name = "Pods-EIDMenu.debug.xcconfig"; path = "Pods/Target Support Files/Pods-EIDMenu/Pods-EIDMenu.debug.xcconfig"; sourceTree = "<group>"; };
		BF27EA8C7BAF57F9E9402E15 /* Pods-EIDMenuUITests.release.xcconfig */ = {isa = PBXFileReference; includeInIndex = 1; lastKnownFileType = text.xcconfig; name = "Pods-EIDMenuUITests.release.xcconfig"; path = "Pods/Target Support Files/Pods-EIDMenuUITests/Pods-EIDMenuUITests.release.xcconfig"; sourceTree = "<group>"; };
/* End PBXFileReference section */

/* Begin PBXFrameworksBuildPhase section */
		84F13B461D6BB8BD000F5E94 /* Frameworks */ = {
			isa = PBXFrameworksBuildPhase;
			buildActionMask = 2147483647;
			files = (
				407B4340CE8AD5146260B5E7 /* Pods_EIDMenu.framework in Frameworks */,
			);
			runOnlyForDeploymentPostprocessing = 0;
		};
		84F13B5A1D6BB8BE000F5E94 /* Frameworks */ = {
			isa = PBXFrameworksBuildPhase;
			buildActionMask = 2147483647;
			files = (
				214EE4AEDA22A1553C15E800 /* Pods_EIDMenuTests.framework in Frameworks */,
			);
			runOnlyForDeploymentPostprocessing = 0;
		};
		84F13B651D6BB8BF000F5E94 /* Frameworks */ = {
			isa = PBXFrameworksBuildPhase;
			buildActionMask = 2147483647;
			files = (
				DAA0791FBDE83B5D0A8251D3 /* Pods_EIDMenuUITests.framework in Frameworks */,
			);
			runOnlyForDeploymentPostprocessing = 0;
		};
/* End PBXFrameworksBuildPhase section */

/* Begin PBXGroup section */
		3463F1785BA3A2668FF9AC5E /* Frameworks */ = {
			isa = PBXGroup;
			children = (
				86019BDA53E391253AE43854 /* Pods_EIDMenu.framework */,
				8EFE9048D79B6825E3F3CB18 /* Pods_EIDMenuTests.framework */,
				7E962D1B9E5BA5B660E9508F /* Pods_EIDMenuUITests.framework */,
			);
			name = Frameworks;
			sourceTree = "<group>";
		};
		84F13B401D6BB8BD000F5E94 = {
			isa = PBXGroup;
			children = (
				84F13B4B1D6BB8BE000F5E94 /* EIDMenu */,
				84F13B601D6BB8BE000F5E94 /* EIDMenuTests */,
				84F13B6B1D6BB8BF000F5E94 /* EIDMenuUITests */,
				84F13B4A1D6BB8BE000F5E94 /* Products */,
				D8AB6033754137D784E68BFE /* Pods */,
				3463F1785BA3A2668FF9AC5E /* Frameworks */,
			);
			sourceTree = "<group>";
		};
		84F13B4A1D6BB8BE000F5E94 /* Products */ = {
			isa = PBXGroup;
			children = (
				84F13B491D6BB8BE000F5E94 /* EIDMenu.app */,
				84F13B5D1D6BB8BE000F5E94 /* EIDMenuTests.xctest */,
				84F13B681D6BB8BF000F5E94 /* EIDMenuUITests.xctest */,
			);
			name = Products;
			sourceTree = "<group>";
		};
		84F13B4B1D6BB8BE000F5E94 /* EIDMenu */ = {
			isa = PBXGroup;
			children = (
				84F13B7C1D6BBA28000F5E94 /* Controllers */,
				84F13B7A1D6BBA1E000F5E94 /* Resources */,
				84F13B4C1D6BB8BE000F5E94 /* AppDelegate.swift */,
				84F13B501D6BB8BE000F5E94 /* Main.storyboard */,
				84F13B531D6BB8BE000F5E94 /* Assets.xcassets */,
				84F13B551D6BB8BE000F5E94 /* LaunchScreen.storyboard */,
				84F13B581D6BB8BE000F5E94 /* Info.plist */,
			);
			path = EIDMenu;
			sourceTree = "<group>";
		};
		84F13B601D6BB8BE000F5E94 /* EIDMenuTests */ = {
			isa = PBXGroup;
			children = (
				84F13B611D6BB8BF000F5E94 /* EIDMenuTests.swift */,
				84F13B631D6BB8BF000F5E94 /* Info.plist */,
			);
			path = EIDMenuTests;
			sourceTree = "<group>";
		};
		84F13B6B1D6BB8BF000F5E94 /* EIDMenuUITests */ = {
			isa = PBXGroup;
			children = (
				84F13B6C1D6BB8BF000F5E94 /* EIDMenuUITests.swift */,
				84F13B6E1D6BB8BF000F5E94 /* Info.plist */,
			);
			path = EIDMenuUITests;
			sourceTree = "<group>";
		};
		84F13B7A1D6BBA1E000F5E94 /* Resources */ = {
			isa = PBXGroup;
			children = (
				84F13B7B1D6BBA24000F5E94 /* imagens */,
			);
			name = Resources;
			sourceTree = "<group>";
		};
		84F13B7B1D6BBA24000F5E94 /* imagens */ = {
			isa = PBXGroup;
			children = (
				841DCB761D6D3B3A00FF3971 /* logo2.png */,
				84F13B7D1D6BBA55000F5E94 /* back_dagrede.jpg */,
			);
			name = imagens;
			sourceTree = "<group>";
		};
		84F13B7C1D6BBA28000F5E94 /* Controllers */ = {
			isa = PBXGroup;
			children = (
				84F13B4E1D6BB8BE000F5E94 /* LoginController.swift */,
			);
			name = Controllers;
			sourceTree = "<group>";
		};
		D8AB6033754137D784E68BFE /* Pods */ = {
			isa = PBXGroup;
			children = (
				BB1649A55CD1DF0F4A5A4594 /* Pods-EIDMenu.debug.xcconfig */,
				905D9F1A66E7DC3BFE99A12F /* Pods-EIDMenu.release.xcconfig */,
				B3C7A4849A30138FD242F105 /* Pods-EIDMenuTests.debug.xcconfig */,
				185D64545B17B0FC6C76B270 /* Pods-EIDMenuTests.release.xcconfig */,
				778925CA7C47C2A5EC084347 /* Pods-EIDMenuUITests.debug.xcconfig */,
				BF27EA8C7BAF57F9E9402E15 /* Pods-EIDMenuUITests.release.xcconfig */,
			);
			name = Pods;
			sourceTree = "<group>";
		};
/* End PBXGroup section */

/* Begin PBXNativeTarget section */
		84F13B481D6BB8BD000F5E94 /* EIDMenu */ = {
			isa = PBXNativeTarget;
			buildConfigurationList = 84F13B711D6BB8BF000F5E94 /* Build configuration list for PBXNativeTarget "EIDMenu" */;
			buildPhases = (
				2ED764F319E2C2A85411390D /* 📦 Check Pods Manifest.lock */,
				84F13B451D6BB8BD000F5E94 /* Sources */,
				84F13B461D6BB8BD000F5E94 /* Frameworks */,
				84F13B471D6BB8BD000F5E94 /* Resources */,
				597F5714E81DAB83BA074920 /* 📦 Embed Pods Frameworks */,
				53EB501C799D8408744EB846 /* 📦 Copy Pods Resources */,
			);
			buildRules = (
			);
			dependencies = (
			);
			name = EIDMenu;
			productName = EIDMenu;
			productReference = 84F13B491D6BB8BE000F5E94 /* EIDMenu.app */;
			productType = "com.apple.product-type.application";
		};
		84F13B5C1D6BB8BE000F5E94 /* EIDMenuTests */ = {
			isa = PBXNativeTarget;
			buildConfigurationList = 84F13B741D6BB8BF000F5E94 /* Build configuration list for PBXNativeTarget "EIDMenuTests" */;
			buildPhases = (
				35AC1B1111451630E78D33B7 /* 📦 Check Pods Manifest.lock */,
				84F13B591D6BB8BE000F5E94 /* Sources */,
				84F13B5A1D6BB8BE000F5E94 /* Frameworks */,
				84F13B5B1D6BB8BE000F5E94 /* Resources */,
				9372C45E991226540C985F18 /* 📦 Embed Pods Frameworks */,
				4145E259D47F48BCD62DA633 /* 📦 Copy Pods Resources */,
			);
			buildRules = (
			);
			dependencies = (
				84F13B5F1D6BB8BE000F5E94 /* PBXTargetDependency */,
			);
			name = EIDMenuTests;
			productName = EIDMenuTests;
			productReference = 84F13B5D1D6BB8BE000F5E94 /* EIDMenuTests.xctest */;
			productType = "com.apple.product-type.bundle.unit-test";
		};
		84F13B671D6BB8BF000F5E94 /* EIDMenuUITests */ = {
			isa = PBXNativeTarget;
			buildConfigurationList = 84F13B771D6BB8BF000F5E94 /* Build configuration list for PBXNativeTarget "EIDMenuUITests" */;
			buildPhases = (
				84CD0ABC1B86E9C796DE7096 /* 📦 Check Pods Manifest.lock */,
				84F13B641D6BB8BF000F5E94 /* Sources */,
				84F13B651D6BB8BF000F5E94 /* Frameworks */,
				84F13B661D6BB8BF000F5E94 /* Resources */,
				8EBED5DFCD39A98363B89196 /* 📦 Copy Pods Resources */,
			);
			buildRules = (
			);
			dependencies = (
				84F13B6A1D6BB8BF000F5E94 /* PBXTargetDependency */,
			);
			name = EIDMenuUITests;
			productName = EIDMenuUITests;
			productReference = 84F13B681D6BB8BF000F5E94 /* EIDMenuUITests.xctest */;
			productType = "com.apple.product-type.bundle.ui-testing";
		};
/* End PBXNativeTarget section */

/* Begin PBXProject section */
		84F13B411D6BB8BD000F5E94 /* Project object */ = {
			isa = PBXProject;
			attributes = {
				LastSwiftUpdateCheck = 0730;
				LastUpgradeCheck = 0730;
				ORGANIZATIONNAME = Administrador;
				TargetAttributes = {
					84F13B481D6BB8BD000F5E94 = {
						CreatedOnToolsVersion = 7.3.1;
						LastSwiftMigration = 0800;
					};
					84F13B5C1D6BB8BE000F5E94 = {
						CreatedOnToolsVersion = 7.3.1;
						LastSwiftMigration = 0800;
						TestTargetID = 84F13B481D6BB8BD000F5E94;
					};
					84F13B671D6BB8BF000F5E94 = {
						CreatedOnToolsVersion = 7.3.1;
						LastSwiftMigration = 0800;
						TestTargetID = 84F13B481D6BB8BD000F5E94;
					};
				};
			};
			buildConfigurationList = 84F13B441D6BB8BD000F5E94 /* Build configuration list for PBXProject "EIDMenu" */;
			compatibilityVersion = "Xcode 3.2";
			developmentRegion = English;
			hasScannedForEncodings = 0;
			knownRegions = (
				en,
				Base,
			);
			mainGroup = 84F13B401D6BB8BD000F5E94;
			productRefGroup = 84F13B4A1D6BB8BE000F5E94 /* Products */;
			projectDirPath = "";
			projectRoot = "";
			targets = (
				84F13B481D6BB8BD000F5E94 /* EIDMenu */,
				84F13B5C1D6BB8BE000F5E94 /* EIDMenuTests */,
				84F13B671D6BB8BF000F5E94 /* EIDMenuUITests */,
			);
		};
/* End PBXProject section */

/* Begin PBXResourcesBuildPhase section */
		84F13B471D6BB8BD000F5E94 /* Resources */ = {
			isa = PBXResourcesBuildPhase;
			buildActionMask = 2147483647;
			files = (
				84F13B571D6BB8BE000F5E94 /* LaunchScreen.storyboard in Resources */,
				841DCB771D6D3B3A00FF3971 /* logo2.png in Resources */,
				84F13B541D6BB8BE000F5E94 /* Assets.xcassets in Resources */,
				84F13B521D6BB8BE000F5E94 /* Main.storyboard in Resources */,
				84F13B7E1D6BBA55000F5E94 /* back_dagrede.jpg in Resources */,
			);
			runOnlyForDeploymentPostprocessing = 0;
		};
		84F13B5B1D6BB8BE000F5E94 /* Resources */ = {
			isa = PBXResourcesBuildPhase;
			buildActionMask = 2147483647;
			files = (
			);
			runOnlyForDeploymentPostprocessing = 0;
		};
		84F13B661D6BB8BF000F5E94 /* Resources */ = {
			isa = PBXResourcesBuildPhase;
			buildActionMask = 2147483647;
			files = (
			);
			runOnlyForDeploymentPostprocessing = 0;
		};
/* End PBXResourcesBuildPhase section */

/* Begin PBXShellScriptBuildPhase section */
		2ED764F319E2C2A85411390D /* 📦 Check Pods Manifest.lock */ = {
			isa = PBXShellScriptBuildPhase;
			buildActionMask = 2147483647;
			files = (
			);
			inputPaths = (
			);
			name = "📦 Check Pods Manifest.lock";
			outputPaths = (
			);
			runOnlyForDeploymentPostprocessing = 0;
			shellPath = /bin/sh;
			shellScript = "diff \"${PODS_ROOT}/../Podfile.lock\" \"${PODS_ROOT}/Manifest.lock\" > /dev/null\nif [[ $? != 0 ]] ; then\n    cat << EOM\nerror: The sandbox is not in sync with the Podfile.lock. Run 'pod install' or update your CocoaPods installation.\nEOM\n    exit 1\nfi\n";
			showEnvVarsInLog = 0;
		};
		35AC1B1111451630E78D33B7 /* 📦 Check Pods Manifest.lock */ = {
			isa = PBXShellScriptBuildPhase;
			buildActionMask = 2147483647;
			files = (
			);
			inputPaths = (
			);
			name = "📦 Check Pods Manifest.lock";
			outputPaths = (
			);
			runOnlyForDeploymentPostprocessing = 0;
			shellPath = /bin/sh;
			shellScript = "diff \"${PODS_ROOT}/../Podfile.lock\" \"${PODS_ROOT}/Manifest.lock\" > /dev/null\nif [[ $? != 0 ]] ; then\n    cat << EOM\nerror: The sandbox is not in sync with the Podfile.lock. Run 'pod install' or update your CocoaPods installation.\nEOM\n    exit 1\nfi\n";
			showEnvVarsInLog = 0;
		};
		4145E259D47F48BCD62DA633 /* 📦 Copy Pods Resources */ = {
			isa = PBXShellScriptBuildPhase;
			buildActionMask = 2147483647;
			files = (
			);
			inputPaths = (
			);
			name = "📦 Copy Pods Resources";
			outputPaths = (
			);
			runOnlyForDeploymentPostprocessing = 0;
			shellPath = /bin/sh;
			shellScript = "\"${SRCROOT}/Pods/Target Support Files/Pods-EIDMenuTests/Pods-EIDMenuTests-resources.sh\"\n";
			showEnvVarsInLog = 0;
		};
		53EB501C799D8408744EB846 /* 📦 Copy Pods Resources */ = {
			isa = PBXShellScriptBuildPhase;
			buildActionMask = 2147483647;
			files = (
			);
			inputPaths = (
			);
			name = "📦 Copy Pods Resources";
			outputPaths = (
			);
			runOnlyForDeploymentPostprocessing = 0;
			shellPath = /bin/sh;
			shellScript = "\"${SRCROOT}/Pods/Target Support Files/Pods-EIDMenu/Pods-EIDMenu-resources.sh\"\n";
			showEnvVarsInLog = 0;
		};
		597F5714E81DAB83BA074920 /* 📦 Embed Pods Frameworks */ = {
			isa = PBXShellScriptBuildPhase;
			buildActionMask = 2147483647;
			files = (
			);
			inputPaths = (
			);
			name = "📦 Embed Pods Frameworks";
			outputPaths = (
			);
			runOnlyForDeploymentPostprocessing = 0;
			shellPath = /bin/sh;
			shellScript = "\"${SRCROOT}/Pods/Target Support Files/Pods-EIDMenu/Pods-EIDMenu-frameworks.sh\"\n";
			showEnvVarsInLog = 0;
		};
		84CD0ABC1B86E9C796DE7096 /* 📦 Check Pods Manifest.lock */ = {
			isa = PBXShellScriptBuildPhase;
			buildActionMask = 2147483647;
			files = (
			);
			inputPaths = (
			);
			name = "📦 Check Pods Manifest.lock";
			outputPaths = (
			);
			runOnlyForDeploymentPostprocessing = 0;
			shellPath = /bin/sh;
			shellScript = "diff \"${PODS_ROOT}/../Podfile.lock\" \"${PODS_ROOT}/Manifest.lock\" > /dev/null\nif [[ $? != 0 ]] ; then\n    cat << EOM\nerror: The sandbox is not in sync with the Podfile.lock. Run 'pod install' or update your CocoaPods installation.\nEOM\n    exit 1\nfi\n";
			showEnvVarsInLog = 0;
		};
		8EBED5DFCD39A98363B89196 /* 📦 Copy Pods Resources */ = {
			isa = PBXShellScriptBuildPhase;
			buildActionMask = 2147483647;
			files = (
			);
			inputPaths = (
			);
			name = "📦 Copy Pods Resources";
			outputPaths = (
			);
			runOnlyForDeploymentPostprocessing = 0;
			shellPath = /bin/sh;
			shellScript = "\"${SRCROOT}/Pods/Target Support Files/Pods-EIDMenuUITests/Pods-EIDMenuUITests-resources.sh\"\n";
			showEnvVarsInLog = 0;
		};
		9372C45E991226540C985F18 /* 📦 Embed Pods Frameworks */ = {
			isa = PBXShellScriptBuildPhase;
			buildActionMask = 2147483647;
			files = (
			);
			inputPaths = (
			);
			name = "📦 Embed Pods Frameworks";
			outputPaths = (
			);
			runOnlyForDeploymentPostprocessing = 0;
			shellPath = /bin/sh;
			shellScript = "\"${SRCROOT}/Pods/Target Support Files/Pods-EIDMenuTests/Pods-EIDMenuTests-frameworks.sh\"\n";
			showEnvVarsInLog = 0;
		};
/* End PBXShellScriptBuildPhase section */

/* Begin PBXSourcesBuildPhase section */
		84F13B451D6BB8BD000F5E94 /* Sources */ = {
			isa = PBXSourcesBuildPhase;
			buildActionMask = 2147483647;
			files = (
				84F13B4F1D6BB8BE000F5E94 /* LoginController.swift in Sources */,
				84F13B4D1D6BB8BE000F5E94 /* AppDelegate.swift in Sources */,
			);
			runOnlyForDeploymentPostprocessing = 0;
		};
		84F13B591D6BB8BE000F5E94 /* Sources */ = {
			isa = PBXSourcesBuildPhase;
			buildActionMask = 2147483647;
			files = (
				84F13B621D6BB8BF000F5E94 /* EIDMenuTests.swift in Sources */,
			);
			runOnlyForDeploymentPostprocessing = 0;
		};
		84F13B641D6BB8BF000F5E94 /* Sources */ = {
			isa = PBXSourcesBuildPhase;
			buildActionMask = 2147483647;
			files = (
				84F13B6D1D6BB8BF000F5E94 /* EIDMenuUITests.swift in Sources */,
			);
			runOnlyForDeploymentPostprocessing = 0;
		};
/* End PBXSourcesBuildPhase section */

/* Begin PBXTargetDependency section */
		84F13B5F1D6BB8BE000F5E94 /* PBXTargetDependency */ = {
			isa = PBXTargetDependency;
			target = 84F13B481D6BB8BD000F5E94 /* EIDMenu */;
			targetProxy = 84F13B5E1D6BB8BE000F5E94 /* PBXContainerItemProxy */;
		};
		84F13B6A1D6BB8BF000F5E94 /* PBXTargetDependency */ = {
			isa = PBXTargetDependency;
			target = 84F13B481D6BB8BD000F5E94 /* EIDMenu */;
			targetProxy = 84F13B691D6BB8BF000F5E94 /* PBXContainerItemProxy */;
		};
/* End PBXTargetDependency section */

/* Begin PBXVariantGroup section */
		84F13B501D6BB8BE000F5E94 /* Main.storyboard */ = {
			isa = PBXVariantGroup;
			children = (
				84F13B511D6BB8BE000F5E94 /* Base */,
			);
			name = Main.storyboard;
			sourceTree = "<group>";
		};
		84F13B551D6BB8BE000F5E94 /* LaunchScreen.storyboard */ = {
			isa = PBXVariantGroup;
			children = (
				84F13B561D6BB8BE000F5E94 /* Base */,
			);
			name = LaunchScreen.storyboard;
			sourceTree = "<group>";
		};
/* End PBXVariantGroup section */

/* Begin XCBuildConfiguration section */
		84F13B6F1D6BB8BF000F5E94 /* Debug */ = {
			isa = XCBuildConfiguration;
			buildSettings = {
				ALWAYS_SEARCH_USER_PATHS = NO;
				CLANG_ANALYZER_NONNULL = YES;
				CLANG_CXX_LANGUAGE_STANDARD = "gnu++0x";
				CLANG_CXX_LIBRARY = "libc++";
				CLANG_ENABLE_MODULES = YES;
				CLANG_ENABLE_OBJC_ARC = YES;
				CLANG_WARN_BOOL_CONVERSION = YES;
				CLANG_WARN_CONSTANT_CONVERSION = YES;
				CLANG_WARN_DIRECT_OBJC_ISA_USAGE = YES_ERROR;
				CLANG_WARN_EMPTY_BODY = YES;
				CLANG_WARN_ENUM_CONVERSION = YES;
				CLANG_WARN_INT_CONVERSION = YES;
				CLANG_WARN_OBJC_ROOT_CLASS = YES_ERROR;
				CLANG_WARN_UNREACHABLE_CODE = YES;
				CLANG_WARN__DUPLICATE_METHOD_MATCH = YES;
				"CODE_SIGN_IDENTITY[sdk=iphoneos*]" = "iPhone Developer";
				COPY_PHASE_STRIP = NO;
				DEBUG_INFORMATION_FORMAT = dwarf;
				ENABLE_STRICT_OBJC_MSGSEND = YES;
				ENABLE_TESTABILITY = YES;
				GCC_C_LANGUAGE_STANDARD = gnu99;
				GCC_DYNAMIC_NO_PIC = NO;
				GCC_NO_COMMON_BLOCKS = YES;
				GCC_OPTIMIZATION_LEVEL = 0;
				GCC_PREPROCESSOR_DEFINITIONS = (
					"DEBUG=1",
					"$(inherited)",
				);
				GCC_WARN_64_TO_32_BIT_CONVERSION = YES;
				GCC_WARN_ABOUT_RETURN_TYPE = YES_ERROR;
				GCC_WARN_UNDECLARED_SELECTOR = YES;
				GCC_WARN_UNINITIALIZED_AUTOS = YES_AGGRESSIVE;
				GCC_WARN_UNUSED_FUNCTION = YES;
				GCC_WARN_UNUSED_VARIABLE = YES;
				IPHONEOS_DEPLOYMENT_TARGET = 9.3;
				MTL_ENABLE_DEBUG_INFO = YES;
				ONLY_ACTIVE_ARCH = YES;
				SDKROOT = iphoneos;
				SWIFT_OPTIMIZATION_LEVEL = "-Onone";
				TARGETED_DEVICE_FAMILY = "1,2";
			};
			name = Debug;
		};
		84F13B701D6BB8BF000F5E94 /* Release */ = {
			isa = XCBuildConfiguration;
			buildSettings = {
				ALWAYS_SEARCH_USER_PATHS = NO;
				CLANG_ANALYZER_NONNULL = YES;
				CLANG_CXX_LANGUAGE_STANDARD = "gnu++0x";
				CLANG_CXX_LIBRARY = "libc++";
				CLANG_ENABLE_MODULES = YES;
				CLANG_ENABLE_OBJC_ARC = YES;
				CLANG_WARN_BOOL_CONVERSION = YES;
				CLANG_WARN_CONSTANT_CONVERSION = YES;
				CLANG_WARN_DIRECT_OBJC_ISA_USAGE = YES_ERROR;
				CLANG_WARN_EMPTY_BODY = YES;
				CLANG_WARN_ENUM_CONVERSION = YES;
				CLANG_WARN_INT_CONVERSION = YES;
				CLANG_WARN_OBJC_ROOT_CLASS = YES_ERROR;
				CLANG_WARN_UNREACHABLE_CODE = YES;
				CLANG_WARN__DUPLICATE_METHOD_MATCH = YES;
				"CODE_SIGN_IDENTITY[sdk=iphoneos*]" = "iPhone Developer";
				COPY_PHASE_STRIP = NO;
				DEBUG_INFORMATION_FORMAT = "dwarf-with-dsym";
				ENABLE_NS_ASSERTIONS = NO;
				ENABLE_STRICT_OBJC_MSGSEND = YES;
				GCC_C_LANGUAGE_STANDARD = gnu99;
				GCC_NO_COMMON_BLOCKS = YES;
				GCC_WARN_64_TO_32_BIT_CONVERSION = YES;
				GCC_WARN_ABOUT_RETURN_TYPE = YES_ERROR;
				GCC_WARN_UNDECLARED_SELECTOR = YES;
				GCC_WARN_UNINITIALIZED_AUTOS = YES_AGGRESSIVE;
				GCC_WARN_UNUSED_FUNCTION = YES;
				GCC_WARN_UNUSED_VARIABLE = YES;
				IPHONEOS_DEPLOYMENT_TARGET = 9.3;
				MTL_ENABLE_DEBUG_INFO = NO;
				SDKROOT = iphoneos;
				TARGETED_DEVICE_FAMILY = "1,2";
				VALIDATE_PRODUCT = YES;
			};
			name = Release;
		};
		84F13B721D6BB8BF000F5E94 /* Debug */ = {
			isa = XCBuildConfiguration;
			baseConfigurationReference = BB1649A55CD1DF0F4A5A4594 /* Pods-EIDMenu.debug.xcconfig */;
			buildSettings = {
				ASSETCATALOG_COMPILER_APPICON_NAME = AppIcon;
				INFOPLIST_FILE = EIDMenu/Info.plist;
				LD_RUNPATH_SEARCH_PATHS = "$(inherited) @executable_path/Frameworks";
				PRODUCT_BUNDLE_IDENTIFIER = com.br.erikieger.EIDMenu;
				PRODUCT_NAME = "$(TARGET_NAME)";
				SWIFT_VERSION = 3.0;
			};
			name = Debug;
		};
		84F13B731D6BB8BF000F5E94 /* Release */ = {
			isa = XCBuildConfiguration;
			baseConfigurationReference = 905D9F1A66E7DC3BFE99A12F /* Pods-EIDMenu.release.xcconfig */;
			buildSettings = {
				ASSETCATALOG_COMPILER_APPICON_NAME = AppIcon;
				INFOPLIST_FILE = EIDMenu/Info.plist;
				LD_RUNPATH_SEARCH_PATHS = "$(inherited) @executable_path/Frameworks";
				PRODUCT_BUNDLE_IDENTIFIER = com.br.erikieger.EIDMenu;
				PRODUCT_NAME = "$(TARGET_NAME)";
				SWIFT_VERSION = 3.0;
			};
			name = Release;
		};
		84F13B751D6BB8BF000F5E94 /* Debug */ = {
			isa = XCBuildConfiguration;
			baseConfigurationReference = B3C7A4849A30138FD242F105 /* Pods-EIDMenuTests.debug.xcconfig */;
			buildSettings = {
				BUNDLE_LOADER = "$(TEST_HOST)";
				INFOPLIST_FILE = EIDMenuTests/Info.plist;
				LD_RUNPATH_SEARCH_PATHS = "$(inherited) @executable_path/Frameworks @loader_path/Frameworks";
				PRODUCT_BUNDLE_IDENTIFIER = com.br.erikieger.EIDMenuTests;
				PRODUCT_NAME = "$(TARGET_NAME)";
				SWIFT_VERSION = 3.0;
				TEST_HOST = "$(BUILT_PRODUCTS_DIR)/EIDMenu.app/EIDMenu";
			};
			name = Debug;
		};
		84F13B761D6BB8BF000F5E94 /* Release */ = {
			isa = XCBuildConfiguration;
			baseConfigurationReference = 185D64545B17B0FC6C76B270 /* Pods-EIDMenuTests.release.xcconfig */;
			buildSettings = {
				BUNDLE_LOADER = "$(TEST_HOST)";
				INFOPLIST_FILE = EIDMenuTests/Info.plist;
				LD_RUNPATH_SEARCH_PATHS = "$(inherited) @executable_path/Frameworks @loader_path/Frameworks";
				PRODUCT_BUNDLE_IDENTIFIER = com.br.erikieger.EIDMenuTests;
				PRODUCT_NAME = "$(TARGET_NAME)";
				SWIFT_VERSION = 3.0;
				TEST_HOST = "$(BUILT_PRODUCTS_DIR)/EIDMenu.app/EIDMenu";
			};
			name = Release;
		};
		84F13B781D6BB8BF000F5E94 /* Debug */ = {
			isa = XCBuildConfiguration;
			baseConfigurationReference = 778925CA7C47C2A5EC084347 /* Pods-EIDMenuUITests.debug.xcconfig */;
			buildSettings = {
				INFOPLIST_FILE = EIDMenuUITests/Info.plist;
				LD_RUNPATH_SEARCH_PATHS = "$(inherited) @executable_path/Frameworks @loader_path/Frameworks";
				PRODUCT_BUNDLE_IDENTIFIER = com.br.erikieger.EIDMenuUITests;
				PRODUCT_NAME = "$(TARGET_NAME)";
				SWIFT_VERSION = 3.0;
				TEST_TARGET_NAME = EIDMenu;
			};
			name = Debug;
		};
		84F13B791D6BB8BF000F5E94 /* Release */ = {
			isa = XCBuildConfiguration;
			baseConfigurationReference = BF27EA8C7BAF57F9E9402E15 /* Pods-EIDMenuUITests.release.xcconfig */;
			buildSettings = {
				INFOPLIST_FILE = EIDMenuUITests/Info.plist;
				LD_RUNPATH_SEARCH_PATHS = "$(inherited) @executable_path/Frameworks @loader_path/Frameworks";
				PRODUCT_BUNDLE_IDENTIFIER = com.br.erikieger.EIDMenuUITests;
				PRODUCT_NAME = "$(TARGET_NAME)";
				SWIFT_VERSION = 3.0;
				TEST_TARGET_NAME = EIDMenu;
			};
			name = Release;
		};
/* End XCBuildConfiguration section */

/* Begin XCConfigurationList section */
		84F13B441D6BB8BD000F5E94 /* Build configuration list for PBXProject "EIDMenu" */ = {
			isa = XCConfigurationList;
			buildConfigurations = (
				84F13B6F1D6BB8BF000F5E94 /* Debug */,
				84F13B701D6BB8BF000F5E94 /* Release */,
			);
			defaultConfigurationIsVisible = 0;
			defaultConfigurationName = Release;
		};
		84F13B711D6BB8BF000F5E94 /* Build configuration list for PBXNativeTarget "EIDMenu" */ = {
			isa = XCConfigurationList;
			buildConfigurations = (
				84F13B721D6BB8BF000F5E94 /* Debug */,
				84F13B731D6BB8BF000F5E94 /* Release */,
			);
			defaultConfigurationIsVisible = 0;
			defaultConfigurationName = Release;
		};
		84F13B741D6BB8BF000F5E94 /* Build configuration list for PBXNativeTarget "EIDMenuTests" */ = {
			isa = XCConfigurationList;
			buildConfigurations = (
				84F13B751D6BB8BF000F5E94 /* Debug */,
				84F13B761D6BB8BF000F5E94 /* Release */,
			);
			defaultConfigurationIsVisible = 0;
			defaultConfigurationName = Release;
		};
		84F13B771D6BB8BF000F5E94 /* Build configuration list for PBXNativeTarget "EIDMenuUITests" */ = {
			isa = XCConfigurationList;
			buildConfigurations = (
				84F13B781D6BB8BF000F5E94 /* Debug */,
				84F13B791D6BB8BF000F5E94 /* Release */,
			);
			defaultConfigurationIsVisible = 0;
			defaultConfigurationName = Release;
		};
/* End XCConfigurationList section */
	};
	rootObject = 84F13B411D6BB8BD000F5E94 /* Project object */;
}
